<?xml version="1.0" encoding="utf-8"?>
<Project ToolsVersion="4.0" xmlns="http://schemas.microsoft.com/developer/msbuild/2003">
  <ItemGroup>
    <Filter Include="Project">
      <UniqueIdentifier>{343451c9-bc40-4362-aa88-7f51bbc4b495}</UniqueIdentifier>
    </Filter>
    <Filter Include="Project\App">
      <UniqueIdentifier>{1bef7593-a49a-4127-be81-3b570b86137b}</UniqueIdentifier>
    </Filter>
    <Filter Include="Backup">
      <UniqueIdentifier>{0fca4edf-fb3a-4204-88b5-26c102671d13}</UniqueIdentifier>
    </Filter>
  </ItemGroup>
  <ItemGroup>
    <ClCompile Include="GPM_Direct2D_Start.cpp">
      <Filter>Project</Filter>
    </ClCompile>
    <ClCompile Include="CApp.cpp">
      <Filter>Project\App</Filter>
    </ClCompile>
  </ItemGroup>
  <ItemGroup>
    <ClInclude Include="CApp.h">
      <Filter>Project\App</Filter>
    </ClInclude>
  </ItemGroup>
</Project>