
Microsoft Visual Studio Solution File, Format Version 12.00
# Visual Studio Version 16
VisualStudioVersion = 16.0.32126.315
MinimumVisualStudioVersion = 10.0.40219.1
Project("{8BC9CEB8-8B4A-11D0-8D11-00A0C91BC942}") = "GPM_Direct2D_SpriteTool", "GPM_Direct2D_SpriteTool\GPM_Direct2D_SpriteTool.vcxproj", "{118D1C71-AA87-48C7-955E-E0AA8E957F05}"
EndProject
Global
	GlobalSection(SolutionConfigurationPlatforms) = preSolution
		Debug|x64 = Debug|x64
		Debug|x86 = Debug|x86
		Release|x64 = Release|x64
		Release|x86 = Release|x86
	EndGlobalSection
	GlobalSection(ProjectConfigurationPlatforms) = postSolution
		{118D1C71-AA87-48C7-955E-E0AA8E957F05}.Debug|x64.ActiveCfg = Debug|x64
		{118D1C71-AA87-48C7-955E-E0AA8E957F05}.Debug|x64.Build.0 = Debug|x64
		{118D1C71-AA87-48C7-955E-E0AA8E957F05}.Debug|x86.ActiveCfg = Debug|Win32
		{118D1C71-AA87-48C7-955E-E0AA8E957F05}.Debug|x86.Build.0 = Debug|Win32
		{118D1C71-AA87-48C7-955E-E0AA8E957F05}.Release|x64.ActiveCfg = Release|x64
		{118D1C71-AA87-48C7-955E-E0AA8E957F05}.Release|x64.Build.0 = Release|x64
		{118D1C71-AA87-48C7-955E-E0AA8E957F05}.Release|x86.ActiveCfg = Release|Win32
		{118D1C71-AA87-48C7-955E-E0AA8E957F05}.Release|x86.Build.0 = Release|Win32
	EndGlobalSection
	GlobalSection(SolutionProperties) = preSolution
		HideSolutionNode = FALSE
	EndGlobalSection
	GlobalSection(ExtensibilityGlobals) = postSolution
		SolutionGuid = {2BD8D53A-AC4E-4300-9E15-0AF00C3C1FA4}
	EndGlobalSection
EndGlobal
